{
  "object": {
    "pins": [
      {
        "package": "CashCore",
        "repositoryURL": "https://github.com/atmcoin/cash-sdk-ios.git",
        "state": {
          "branch": null,
          "revision": "68c5467a4483ce3f787064081be54ae05f7d00ed",
          "version": "5.1.0"
        }
      },
      {
        "package": "CashUI",
        "repositoryURL": "https://github.com/atmcoin/cash-ui-ios.git",
        "state": {
          "branch": null,
          "revision": "10a800cbeb3455fd7ad0df65a6749528edb8d57a",
          "version": "5.1.1"
        }
      }
    ]
  },
  "version": 1
}
