{
  "object": {
    "pins": [
      {
        "package": "CashCore",
        "repositoryURL": "https://github.com/atmcoin/cash-sdk-ios.git",
        "state": {
          "branch": "feature/kyc",
          "revision": "af4c9a0d7fc5a127b36eabb2dc112c803e15a555",
          "version": null
        }
      }
    ]
  },
  "version": 1
}
