{
  "object": {
    "pins": [
      {
        "package": "CashCore",
        "repositoryURL": "https://github.com/atmcoin/cash-sdk-ios.git",
        "state": {
          "branch": null,
          "revision": "68c5467a4483ce3f787064081be54ae05f7d00ed",
          "version": "5.1.0"
        }
      },
      {
        "package": "CashUI",
        "repositoryURL": "https://github.com/atmcoin/cash-ui-ios.git",
        "state": {
          "branch": null,
          "revision": "49c15f6b6be35154e16189a0a78f7cb055c86e2f",
          "version": "5.1.2"
        }
      }
    ]
  },
  "version": 1
}
